// !$*UTF8*$!
{
	archiveVersion = 1;
	classes = {
	};
	objectVersion = 56;
	objects = {

/* Begin PBXBuildFile section */
		0E8B94B4629FFF5CE170DDE8 /* Pods_HeyLED.framework in Frameworks */ = {isa = PBXBuildFile; fileRef = D0864FBAB3AF7F1846181AAF /* Pods_HeyLED.framework */; };
		96D4B8452C20AF1800DEF88E /* HeyLEDApp.swift in Sources */ = {isa = PBXBuildFile; fileRef = 96D4B8442C20AF1800DEF88E /* HeyLEDApp.swift */; };
		96D4B8472C20AF1800DEF88E /* ContentView.swift in Sources */ = {isa = PBXBuildFile; fileRef = 96D4B8462C20AF1800DEF88E /* ContentView.swift */; };
		96D4B8492C20AF1900DEF88E /* Assets.xcassets in Resources */ = {isa = PBXBuildFile; fileRef = 96D4B8482C20AF1900DEF88E /* Assets.xcassets */; };
		96D4B84C2C20AF1900DEF88E /* Preview Assets.xcassets in Resources */ = {isa = PBXBuildFile; fileRef = 96D4B84B2C20AF1900DEF88E /* Preview Assets.xcassets */; };
		96D4B8532C20B2FD00DEF88E /* MQTT.swift in Sources */ = {isa = PBXBuildFile; fileRef = 96D4B8522C20B2FD00DEF88E /* MQTT.swift */; };
		96D4B85B2C20C83500DEF88E /* ChangeLEDIntent.swift in Sources */ = {isa = PBXBuildFile; fileRef = 96D4B85A2C20C83500DEF88E /* ChangeLEDIntent.swift */; };
		96D4B85D2C20CD1200DEF88E /* ChangeLEDShortcut.swift in Sources */ = {isa = PBXBuildFile; fileRef = 96D4B85C2C20CD1200DEF88E /* ChangeLEDShortcut.swift */; };
/* End PBXBuildFile section */

/* Begin PBXFileReference section */
		6041A6E733455F9A0B611F4B /* Pods-HeyLED.debug.xcconfig */ = {isa = PBXFileReference; includeInIndex = 1; lastKnownFileType = text.xcconfig; name = "Pods-HeyLED.debug.xcconfig"; path = "Target Support Files/Pods-HeyLED/Pods-HeyLED.debug.xcconfig"; sourceTree = "<group>"; };
		7D051C62D03F4F52C44372A8 /* Pods-HeyLED.release.xcconfig */ = {isa = PBXFileReference; includeInIndex = 1; lastKnownFileType = text.xcconfig; name = "Pods-HeyLED.release.xcconfig"; path = "Target Support Files/Pods-HeyLED/Pods-HeyLED.release.xcconfig"; sourceTree = "<group>"; };
		96D4B8412C20AF1800DEF88E /* Hey LED.app */ = {isa = PBXFileReference; explicitFileType = wrapper.application; includeInIndex = 0; path = "Hey LED.app"; sourceTree = BUILT_PRODUCTS_DIR; };
		96D4B8442C20AF1800DEF88E /* HeyLEDApp.swift */ = {isa = PBXFileReference; lastKnownFileType = sourcecode.swift; path = HeyLEDApp.swift; sourceTree = "<group>"; };
		96D4B8462C20AF1800DEF88E /* ContentView.swift */ = {isa = PBXFileReference; lastKnownFileType = sourcecode.swift; path = ContentView.swift; sourceTree = "<group>"; };
		96D4B8482C20AF1900DEF88E /* Assets.xcassets */ = {isa = PBXFileReference; lastKnownFileType = folder.assetcatalog; path = Assets.xcassets; sourceTree = "<group>"; };
		96D4B84B2C20AF1900DEF88E /* Preview Assets.xcassets */ = {isa = PBXFileReference; lastKnownFileType = folder.assetcatalog; path = "Preview Assets.xcassets"; sourceTree = "<group>"; };
		96D4B8522C20B2FD00DEF88E /* MQTT.swift */ = {isa = PBXFileReference; lastKnownFileType = sourcecode.swift; path = MQTT.swift; sourceTree = "<group>"; };
		96D4B8582C20C80700DEF88E /* Info.plist */ = {isa = PBXFileReference; lastKnownFileType = text.plist; path = Info.plist; sourceTree = "<group>"; };
		96D4B85A2C20C83500DEF88E /* ChangeLEDIntent.swift */ = {isa = PBXFileReference; lastKnownFileType = sourcecode.swift; path = ChangeLEDIntent.swift; sourceTree = "<group>"; };
		96D4B85C2C20CD1200DEF88E /* ChangeLEDShortcut.swift */ = {isa = PBXFileReference; lastKnownFileType = sourcecode.swift; path = ChangeLEDShortcut.swift; sourceTree = "<group>"; };
		D0864FBAB3AF7F1846181AAF /* Pods_HeyLED.framework */ = {isa = PBXFileReference; explicitFileType = wrapper.framework; includeInIndex = 0; path = Pods_HeyLED.framework; sourceTree = BUILT_PRODUCTS_DIR; };
/* End PBXFileReference section */

/* Begin PBXFrameworksBuildPhase section */
		96D4B83E2C20AF1800DEF88E /* Frameworks */ = {
			isa = PBXFrameworksBuildPhase;
			buildActionMask = 2147483647;
			files = (
				0E8B94B4629FFF5CE170DDE8 /* Pods_HeyLED.framework in Frameworks */,
			);
			runOnlyForDeploymentPostprocessing = 0;
		};
/* End PBXFrameworksBuildPhase section */

/* Begin PBXGroup section */
		53F0A474D60FF73C1CFEF502 /* Pods */ = {
			isa = PBXGroup;
			children = (
				6041A6E733455F9A0B611F4B /* Pods-HeyLED.debug.xcconfig */,
				7D051C62D03F4F52C44372A8 /* Pods-HeyLED.release.xcconfig */,
			);
			path = Pods;
			sourceTree = "<group>";
		};
		96D4B8382C20AF1800DEF88E = {
			isa = PBXGroup;
			children = (
				96D4B85E2C20CD9900DEF88E /* Intents */,
				96D4B8432C20AF1800DEF88E /* HeyLED */,
				96D4B8422C20AF1800DEF88E /* Products */,
				53F0A474D60FF73C1CFEF502 /* Pods */,
				B313E30F439308C28025AC07 /* Frameworks */,
			);
			sourceTree = "<group>";
		};
		96D4B8422C20AF1800DEF88E /* Products */ = {
			isa = PBXGroup;
			children = (
				96D4B8412C20AF1800DEF88E /* Hey LED.app */,
			);
			name = Products;
			sourceTree = "<group>";
		};
		96D4B8432C20AF1800DEF88E /* HeyLED */ = {
			isa = PBXGroup;
			children = (
				96D4B8582C20C80700DEF88E /* Info.plist */,
				96D4B8442C20AF1800DEF88E /* HeyLEDApp.swift */,
				96D4B8462C20AF1800DEF88E /* ContentView.swift */,
				96D4B8522C20B2FD00DEF88E /* MQTT.swift */,
				96D4B8482C20AF1900DEF88E /* Assets.xcassets */,
				96D4B84A2C20AF1900DEF88E /* Preview Content */,
			);
			path = HeyLED;
			sourceTree = "<group>";
		};
		96D4B84A2C20AF1900DEF88E /* Preview Content */ = {
			isa = PBXGroup;
			children = (
				96D4B84B2C20AF1900DEF88E /* Preview Assets.xcassets */,
			);
			path = "Preview Content";
			sourceTree = "<group>";
		};
		96D4B85E2C20CD9900DEF88E /* Intents */ = {
			isa = PBXGroup;
			children = (
				96D4B85A2C20C83500DEF88E /* ChangeLEDIntent.swift */,
				96D4B85C2C20CD1200DEF88E /* ChangeLEDShortcut.swift */,
			);
			path = Intents;
			sourceTree = "<group>";
		};
		B313E30F439308C28025AC07 /* Frameworks */ = {
			isa = PBXGroup;
			children = (
				D0864FBAB3AF7F1846181AAF /* Pods_HeyLED.framework */,
			);
			name = Frameworks;
			sourceTree = "<group>";
		};
/* End PBXGroup section */

/* Begin PBXNativeTarget section */
		96D4B8402C20AF1800DEF88E /* Hey LED */ = {
			isa = PBXNativeTarget;
			buildConfigurationList = 96D4B84F2C20AF1900DEF88E /* Build configuration list for PBXNativeTarget "Hey LED" */;
			buildPhases = (
				770CB3A8503E035C141C7390 /* [CP] Check Pods Manifest.lock */,
				96D4B83D2C20AF1800DEF88E /* Sources */,
				96D4B83E2C20AF1800DEF88E /* Frameworks */,
				96D4B83F2C20AF1800DEF88E /* Resources */,
				8BBD9B6E94482BDD3A688B00 /* [CP] Embed Pods Frameworks */,
			);
			buildRules = (
			);
			dependencies = (
			);
			name = "Hey LED";
			productName = HeyLED;
			productReference = 96D4B8412C20AF1800DEF88E /* Hey LED.app */;
			productType = "com.apple.product-type.application";
		};
/* End PBXNativeTarget section */

/* Begin PBXProject section */
		96D4B8392C20AF1800DEF88E /* Project object */ = {
			isa = PBXProject;
			attributes = {
				BuildIndependentTargetsInParallel = 1;
				LastSwiftUpdateCheck = 1540;
				LastUpgradeCheck = 1540;
				TargetAttributes = {
					96D4B8402C20AF1800DEF88E = {
						CreatedOnToolsVersion = 15.4;
					};
				};
			};
			buildConfigurationList = 96D4B83C2C20AF1800DEF88E /* Build configuration list for PBXProject "Hey LED" */;
			compatibilityVersion = "Xcode 14.0";
			developmentRegion = en;
			hasScannedForEncodings = 0;
			knownRegions = (
				en,
				Base,
			);
			mainGroup = 96D4B8382C20AF1800DEF88E;
			productRefGroup = 96D4B8422C20AF1800DEF88E /* Products */;
			projectDirPath = "";
			projectRoot = "";
			targets = (
				96D4B8402C20AF1800DEF88E /* Hey LED */,
			);
		};
/* End PBXProject section */

/* Begin PBXResourcesBuildPhase section */
		96D4B83F2C20AF1800DEF88E /* Resources */ = {
			isa = PBXResourcesBuildPhase;
			buildActionMask = 2147483647;
			files = (
				96D4B84C2C20AF1900DEF88E /* Preview Assets.xcassets in Resources */,
				96D4B8492C20AF1900DEF88E /* Assets.xcassets in Resources */,
			);
			runOnlyForDeploymentPostprocessing = 0;
		};
/* End PBXResourcesBuildPhase section */

/* Begin PBXShellScriptBuildPhase section */
		770CB3A8503E035C141C7390 /* [CP] Check Pods Manifest.lock */ = {
			isa = PBXShellScriptBuildPhase;
			buildActionMask = 2147483647;
			files = (
			);
			inputFileListPaths = (
			);
			inputPaths = (
				"${PODS_PODFILE_DIR_PATH}/Podfile.lock",
				"${PODS_ROOT}/Manifest.lock",
			);
			name = "[CP] Check Pods Manifest.lock";
			outputFileListPaths = (
			);
			outputPaths = (
				"$(DERIVED_FILE_DIR)/Pods-HeyLED-checkManifestLockResult.txt",
			);
			runOnlyForDeploymentPostprocessing = 0;
			shellPath = /bin/sh;
			shellScript = "diff \"${PODS_PODFILE_DIR_PATH}/Podfile.lock\" \"${PODS_ROOT}/Manifest.lock\" > /dev/null\nif [ $? != 0 ] ; then\n    # print error to STDERR\n    echo \"error: The sandbox is not in sync with the Podfile.lock. Run 'pod install' or update your CocoaPods installation.\" >&2\n    exit 1\nfi\n# This output is used by Xcode 'outputs' to avoid re-running this script phase.\necho \"SUCCESS\" > \"${SCRIPT_OUTPUT_FILE_0}\"\n";
			showEnvVarsInLog = 0;
		};
		8BBD9B6E94482BDD3A688B00 /* [CP] Embed Pods Frameworks */ = {
			isa = PBXShellScriptBuildPhase;
			buildActionMask = 2147483647;
			files = (
			);
			inputFileListPaths = (
				"${PODS_ROOT}/Target Support Files/Pods-HeyLED/Pods-HeyLED-frameworks-${CONFIGURATION}-input-files.xcfilelist",
			);
			name = "[CP] Embed Pods Frameworks";
			outputFileListPaths = (
				"${PODS_ROOT}/Target Support Files/Pods-HeyLED/Pods-HeyLED-frameworks-${CONFIGURATION}-output-files.xcfilelist",
			);
			runOnlyForDeploymentPostprocessing = 0;
			shellPath = /bin/sh;
			shellScript = "\"${PODS_ROOT}/Target Support Files/Pods-HeyLED/Pods-HeyLED-frameworks.sh\"\n";
			showEnvVarsInLog = 0;
		};
/* End PBXShellScriptBuildPhase section */

/* Begin PBXSourcesBuildPhase section */
		96D4B83D2C20AF1800DEF88E /* Sources */ = {
			isa = PBXSourcesBuildPhase;
			buildActionMask = 2147483647;
			files = (
				96D4B8472C20AF1800DEF88E /* ContentView.swift in Sources */,
				96D4B85B2C20C83500DEF88E /* ChangeLEDIntent.swift in Sources */,
				96D4B8452C20AF1800DEF88E /* HeyLEDApp.swift in Sources */,
				96D4B8532C20B2FD00DEF88E /* MQTT.swift in Sources */,
				96D4B85D2C20CD1200DEF88E /* ChangeLEDShortcut.swift in Sources */,
			);
			runOnlyForDeploymentPostprocessing = 0;
		};
/* End PBXSourcesBuildPhase section */

/* Begin XCBuildConfiguration section */
		96D4B84D2C20AF1900DEF88E /* Debug */ = {
			isa = XCBuildConfiguration;
			buildSettings = {
				ALWAYS_SEARCH_USER_PATHS = NO;
				ASSETCATALOG_COMPILER_GENERATE_SWIFT_ASSET_SYMBOL_EXTENSIONS = YES;
				CLANG_ANALYZER_NONNULL = YES;
				CLANG_ANALYZER_NUMBER_OBJECT_CONVERSION = YES_AGGRESSIVE;
				CLANG_CXX_LANGUAGE_STANDARD = "gnu++20";
				CLANG_ENABLE_MODULES = YES;
				CLANG_ENABLE_OBJC_ARC = YES;
				CLANG_ENABLE_OBJC_WEAK = YES;
				CLANG_WARN_BLOCK_CAPTURE_AUTORELEASING = YES;
				CLANG_WARN_BOOL_CONVERSION = YES;
				CLANG_WARN_COMMA = YES;
				CLANG_WARN_CONSTANT_CONVERSION = YES;
				CLANG_WARN_DEPRECATED_OBJC_IMPLEMENTATIONS = YES;
				CLANG_WARN_DIRECT_OBJC_ISA_USAGE = YES_ERROR;
				CLANG_WARN_DOCUMENTATION_COMMENTS = YES;
				CLANG_WARN_EMPTY_BODY = YES;
				CLANG_WARN_ENUM_CONVERSION = YES;
				CLANG_WARN_INFINITE_RECURSION = YES;
				CLANG_WARN_INT_CONVERSION = YES;
				CLANG_WARN_NON_LITERAL_NULL_CONVERSION = YES;
				CLANG_WARN_OBJC_IMPLICIT_RETAIN_SELF = YES;
				CLANG_WARN_OBJC_LITERAL_CONVERSION = YES;
				CLANG_WARN_OBJC_ROOT_CLASS = YES_ERROR;
				CLANG_WARN_QUOTED_INCLUDE_IN_FRAMEWORK_HEADER = YES;
				CLANG_WARN_RANGE_LOOP_ANALYSIS = YES;
				CLANG_WARN_STRICT_PROTOTYPES = YES;
				CLANG_WARN_SUSPICIOUS_MOVE = YES;
				CLANG_WARN_UNGUARDED_AVAILABILITY = YES_AGGRESSIVE;
				CLANG_WARN_UNREACHABLE_CODE = YES;
				CLANG_WARN__DUPLICATE_METHOD_MATCH = YES;
				COPY_PHASE_STRIP = NO;
				DEBUG_INFORMATION_FORMAT = dwarf;
				ENABLE_STRICT_OBJC_MSGSEND = YES;
				ENABLE_TESTABILITY = YES;
				ENABLE_USER_SCRIPT_SANDBOXING = YES;
				GCC_C_LANGUAGE_STANDARD = gnu17;
				GCC_DYNAMIC_NO_PIC = NO;
				GCC_NO_COMMON_BLOCKS = YES;
				GCC_OPTIMIZATION_LEVEL = 0;
				GCC_PREPROCESSOR_DEFINITIONS = (
					"DEBUG=1",
					"$(inherited)",
				);
				GCC_WARN_64_TO_32_BIT_CONVERSION = YES;
				GCC_WARN_ABOUT_RETURN_TYPE = YES_ERROR;
				GCC_WARN_UNDECLARED_SELECTOR = YES;
				GCC_WARN_UNINITIALIZED_AUTOS = YES_AGGRESSIVE;
				GCC_WARN_UNUSED_FUNCTION = YES;
				GCC_WARN_UNUSED_VARIABLE = YES;
				IPHONEOS_DEPLOYMENT_TARGET = 17.5;
				LOCALIZATION_PREFERS_STRING_CATALOGS = YES;
				MTL_ENABLE_DEBUG_INFO = INCLUDE_SOURCE;
				MTL_FAST_MATH = YES;
				ONLY_ACTIVE_ARCH = YES;
				SDKROOT = iphoneos;
				SWIFT_ACTIVE_COMPILATION_CONDITIONS = "DEBUG $(inherited)";
				SWIFT_OPTIMIZATION_LEVEL = "-Onone";
			};
			name = Debug;
		};
		96D4B84E2C20AF1900DEF88E /* Release */ = {
			isa = XCBuildConfiguration;
			buildSettings = {
				ALWAYS_SEARCH_USER_PATHS = NO;
				ASSETCATALOG_COMPILER_GENERATE_SWIFT_ASSET_SYMBOL_EXTENSIONS = YES;
				CLANG_ANALYZER_NONNULL = YES;
				CLANG_ANALYZER_NUMBER_OBJECT_CONVERSION = YES_AGGRESSIVE;
				CLANG_CXX_LANGUAGE_STANDARD = "gnu++20";
				CLANG_ENABLE_MODULES = YES;
				CLANG_ENABLE_OBJC_ARC = YES;
				CLANG_ENABLE_OBJC_WEAK = YES;
				CLANG_WARN_BLOCK_CAPTURE_AUTORELEASING = YES;
				CLANG_WARN_BOOL_CONVERSION = YES;
				CLANG_WARN_COMMA = YES;
				CLANG_WARN_CONSTANT_CONVERSION = YES;
				CLANG_WARN_DEPRECATED_OBJC_IMPLEMENTATIONS = YES;
				CLANG_WARN_DIRECT_OBJC_ISA_USAGE = YES_ERROR;
				CLANG_WARN_DOCUMENTATION_COMMENTS = YES;
				CLANG_WARN_EMPTY_BODY = YES;
				CLANG_WARN_ENUM_CONVERSION = YES;
				CLANG_WARN_INFINITE_RECURSION = YES;
				CLANG_WARN_INT_CONVERSION = YES;
				CLANG_WARN_NON_LITERAL_NULL_CONVERSION = YES;
				CLANG_WARN_OBJC_IMPLICIT_RETAIN_SELF = YES;
				CLANG_WARN_OBJC_LITERAL_CONVERSION = YES;
				CLANG_WARN_OBJC_ROOT_CLASS = YES_ERROR;
				CLANG_WARN_QUOTED_INCLUDE_IN_FRAMEWORK_HEADER = YES;
				CLANG_WARN_RANGE_LOOP_ANALYSIS = YES;
				CLANG_WARN_STRICT_PROTOTYPES = YES;
				CLANG_WARN_SUSPICIOUS_MOVE = YES;
				CLANG_WARN_UNGUARDED_AVAILABILITY = YES_AGGRESSIVE;
				CLANG_WARN_UNREACHABLE_CODE = YES;
				CLANG_WARN__DUPLICATE_METHOD_MATCH = YES;
				COPY_PHASE_STRIP = NO;
				DEBUG_INFORMATION_FORMAT = "dwarf-with-dsym";
				ENABLE_NS_ASSERTIONS = NO;
				ENABLE_STRICT_OBJC_MSGSEND = YES;
				ENABLE_USER_SCRIPT_SANDBOXING = YES;
				GCC_C_LANGUAGE_STANDARD = gnu17;
				GCC_NO_COMMON_BLOCKS = YES;
				GCC_WARN_64_TO_32_BIT_CONVERSION = YES;
				GCC_WARN_ABOUT_RETURN_TYPE = YES_ERROR;
				GCC_WARN_UNDECLARED_SELECTOR = YES;
				GCC_WARN_UNINITIALIZED_AUTOS = YES_AGGRESSIVE;
				GCC_WARN_UNUSED_FUNCTION = YES;
				GCC_WARN_UNUSED_VARIABLE = YES;
				IPHONEOS_DEPLOYMENT_TARGET = 17.5;
				LOCALIZATION_PREFERS_STRING_CATALOGS = YES;
				MTL_ENABLE_DEBUG_INFO = NO;
				MTL_FAST_MATH = YES;
				SDKROOT = iphoneos;
				SWIFT_COMPILATION_MODE = wholemodule;
				VALIDATE_PRODUCT = YES;
			};
			name = Release;
		};
		96D4B8502C20AF1900DEF88E /* Debug */ = {
			isa = XCBuildConfiguration;
			baseConfigurationReference = 6041A6E733455F9A0B611F4B /* Pods-HeyLED.debug.xcconfig */;
			buildSettings = {
				ASSETCATALOG_COMPILER_APPICON_NAME = AppIcon;
				ASSETCATALOG_COMPILER_GLOBAL_ACCENT_COLOR_NAME = AccentColor;
				CODE_SIGN_STYLE = Automatic;
				CURRENT_PROJECT_VERSION = 1;
				DEVELOPMENT_ASSET_PATHS = "\"HeyLED/Preview Content\"";
				DEVELOPMENT_TEAM = 3CXW94MKWK;
				ENABLE_PREVIEWS = YES;
				ENABLE_USER_SCRIPT_SANDBOXING = NO;
				GENERATE_INFOPLIST_FILE = YES;
				INFOPLIST_FILE = HeyLED/Info.plist;
				INFOPLIST_KEY_UIApplicationSceneManifest_Generation = YES;
				INFOPLIST_KEY_UIApplicationSupportsIndirectInputEvents = YES;
				INFOPLIST_KEY_UILaunchScreen_Generation = YES;
				INFOPLIST_KEY_UISupportedInterfaceOrientations_iPad = "UIInterfaceOrientationPortrait UIInterfaceOrientationPortraitUpsideDown UIInterfaceOrientationLandscapeLeft UIInterfaceOrientationLandscapeRight";
				INFOPLIST_KEY_UISupportedInterfaceOrientations_iPhone = "UIInterfaceOrientationPortrait UIInterfaceOrientationLandscapeLeft UIInterfaceOrientationLandscapeRight";
				LD_RUNPATH_SEARCH_PATHS = (
					"$(inherited)",
					"@executable_path/Frameworks",
				);
				MARKETING_VERSION = 1.0;
				PRODUCT_BUNDLE_IDENTIFIER = prestonmeek.HeyLED;
				PRODUCT_NAME = "$(TARGET_NAME)";
				SWIFT_EMIT_LOC_STRINGS = YES;
				SWIFT_VERSION = 5.0;
				TARGETED_DEVICE_FAMILY = "1,2";
			};
			name = Debug;
		};
		96D4B8512C20AF1900DEF88E /* Release */ = {
			isa = XCBuildConfiguration;
			baseConfigurationReference = 7D051C62D03F4F52C44372A8 /* Pods-HeyLED.release.xcconfig */;
			buildSettings = {
				ASSETCATALOG_COMPILER_APPICON_NAME = AppIcon;
				ASSETCATALOG_COMPILER_GLOBAL_ACCENT_COLOR_NAME = AccentColor;
				CODE_SIGN_STYLE = Automatic;
				CURRENT_PROJECT_VERSION = 1;
				DEVELOPMENT_ASSET_PATHS = "\"HeyLED/Preview Content\"";
				DEVELOPMENT_TEAM = 3CXW94MKWK;
				ENABLE_PREVIEWS = YES;
				ENABLE_USER_SCRIPT_SANDBOXING = NO;
				GENERATE_INFOPLIST_FILE = YES;
				INFOPLIST_FILE = HeyLED/Info.plist;
				INFOPLIST_KEY_UIApplicationSceneManifest_Generation = YES;
				INFOPLIST_KEY_UIApplicationSupportsIndirectInputEvents = YES;
				INFOPLIST_KEY_UILaunchScreen_Generation = YES;
				INFOPLIST_KEY_UISupportedInterfaceOrientations_iPad = "UIInterfaceOrientationPortrait UIInterfaceOrientationPortraitUpsideDown UIInterfaceOrientationLandscapeLeft UIInterfaceOrientationLandscapeRight";
				INFOPLIST_KEY_UISupportedInterfaceOrientations_iPhone = "UIInterfaceOrientationPortrait UIInterfaceOrientationLandscapeLeft UIInterfaceOrientationLandscapeRight";
				LD_RUNPATH_SEARCH_PATHS = (
					"$(inherited)",
					"@executable_path/Frameworks",
				);
				MARKETING_VERSION = 1.0;
				PRODUCT_BUNDLE_IDENTIFIER = prestonmeek.HeyLED;
				PRODUCT_NAME = "$(TARGET_NAME)";
				SWIFT_EMIT_LOC_STRINGS = YES;
				SWIFT_VERSION = 5.0;
				TARGETED_DEVICE_FAMILY = "1,2";
			};
			name = Release;
		};
/* End XCBuildConfiguration section */

/* Begin XCConfigurationList section */
		96D4B83C2C20AF1800DEF88E /* Build configuration list for PBXProject "Hey LED" */ = {
			isa = XCConfigurationList;
			buildConfigurations = (
				96D4B84D2C20AF1900DEF88E /* Debug */,
				96D4B84E2C20AF1900DEF88E /* Release */,
			);
			defaultConfigurationIsVisible = 0;
			defaultConfigurationName = Release;
		};
		96D4B84F2C20AF1900DEF88E /* Build configuration list for PBXNativeTarget "Hey LED" */ = {
			isa = XCConfigurationList;
			buildConfigurations = (
				96D4B8502C20AF1900DEF88E /* Debug */,
				96D4B8512C20AF1900DEF88E /* Release */,
			);
			defaultConfigurationIsVisible = 0;
			defaultConfigurationName = Release;
		};
/* End XCConfigurationList section */
	};
	rootObject = 96D4B8392C20AF1800DEF88E /* Project object */;
}
